// !$*UTF8*$!
{
	archiveVersion = 1;
	classes = {
	};
	objectVersion = 56;
	objects = {

/* Begin PBXBuildFile section */
		30BCE5EA292EC71600014DE3 /* testeGif Watch App.app in Embed Watch Content */ = {isa = PBXBuildFile; fileRef = 30BCE5E9292EC71600014DE3 /* testeGif Watch App.app */; settings = {ATTRIBUTES = (RemoveHeadersOnCopy, ); }; };
		30BCE5EF292EC71600014DE3 /* testeGifApp.swift in Sources */ = {isa = PBXBuildFile; fileRef = 30BCE5EE292EC71600014DE3 /* testeGifApp.swift */; };
		30BCE5F1292EC71600014DE3 /* ContentView.swift in Sources */ = {isa = PBXBuildFile; fileRef = 30BCE5F0292EC71600014DE3 /* ContentView.swift */; };
		30BCE5F3292EC71700014DE3 /* Assets.xcassets in Resources */ = {isa = PBXBuildFile; fileRef = 30BCE5F2292EC71700014DE3 /* Assets.xcassets */; };
		30BCE5F6292EC71700014DE3 /* Preview Assets.xcassets in Resources */ = {isa = PBXBuildFile; fileRef = 30BCE5F5292EC71700014DE3 /* Preview Assets.xcassets */; };
/* End PBXBuildFile section */

/* Begin PBXContainerItemProxy section */
		30BCE5EB292EC71600014DE3 /* PBXContainerItemProxy */ = {
			isa = PBXContainerItemProxy;
			containerPortal = 30BCE5DD292EC71600014DE3 /* Project object */;
			proxyType = 1;
			remoteGlobalIDString = 30BCE5E8292EC71600014DE3;
			remoteInfo = "testeGif Watch App";
		};
/* End PBXContainerItemProxy section */

/* Begin PBXCopyFilesBuildPhase section */
		30BCE5FC292EC71700014DE3 /* Embed Watch Content */ = {
			isa = PBXCopyFilesBuildPhase;
			buildActionMask = 2147483647;
			dstPath = "$(CONTENTS_FOLDER_PATH)/Watch";
			dstSubfolderSpec = 16;
			files = (
				30BCE5EA292EC71600014DE3 /* testeGif Watch App.app in Embed Watch Content */,
			);
			name = "Embed Watch Content";
			runOnlyForDeploymentPostprocessing = 0;
		};
/* End PBXCopyFilesBuildPhase section */

/* Begin PBXFileReference section */
		30BCE5E3292EC71600014DE3 /* testeGif.app */ = {isa = PBXFileReference; explicitFileType = wrapper.application; includeInIndex = 0; path = testeGif.app; sourceTree = BUILT_PRODUCTS_DIR; };
		30BCE5E9292EC71600014DE3 /* testeGif Watch App.app */ = {isa = PBXFileReference; explicitFileType = wrapper.application; includeInIndex = 0; path = "testeGif Watch App.app"; sourceTree = BUILT_PRODUCTS_DIR; };
		30BCE5EE292EC71600014DE3 /* testeGifApp.swift */ = {isa = PBXFileReference; lastKnownFileType = sourcecode.swift; path = testeGifApp.swift; sourceTree = "<group>"; };
		30BCE5F0292EC71600014DE3 /* ContentView.swift */ = {isa = PBXFileReference; lastKnownFileType = sourcecode.swift; path = ContentView.swift; sourceTree = "<group>"; };
		30BCE5F2292EC71700014DE3 /* Assets.xcassets */ = {isa = PBXFileReference; lastKnownFileType = folder.assetcatalog; path = Assets.xcassets; sourceTree = "<group>"; };
		30BCE5F5292EC71700014DE3 /* Preview Assets.xcassets */ = {isa = PBXFileReference; lastKnownFileType = folder.assetcatalog; path = "Preview Assets.xcassets"; sourceTree = "<group>"; };
/* End PBXFileReference section */

/* Begin PBXFrameworksBuildPhase section */
		30BCE5E6292EC71600014DE3 /* Frameworks */ = {
			isa = PBXFrameworksBuildPhase;
			buildActionMask = 2147483647;
			files = (
			);
			runOnlyForDeploymentPostprocessing = 0;
		};
/* End PBXFrameworksBuildPhase section */

/* Begin PBXGroup section */
		30BCE5DC292EC71600014DE3 = {
			isa = PBXGroup;
			children = (
				30BCE5ED292EC71600014DE3 /* testeGif Watch App */,
				30BCE5E4292EC71600014DE3 /* Products */,
			);
			sourceTree = "<group>";
		};
		30BCE5E4292EC71600014DE3 /* Products */ = {
			isa = PBXGroup;
			children = (
				30BCE5E3292EC71600014DE3 /* testeGif.app */,
				30BCE5E9292EC71600014DE3 /* testeGif Watch App.app */,
			);
			name = Products;
			sourceTree = "<group>";
		};
		30BCE5ED292EC71600014DE3 /* testeGif Watch App */ = {
			isa = PBXGroup;
			children = (
				30BCE5EE292EC71600014DE3 /* testeGifApp.swift */,
				30BCE5F0292EC71600014DE3 /* ContentView.swift */,
				30BCE5F2292EC71700014DE3 /* Assets.xcassets */,
				30BCE5F4292EC71700014DE3 /* Preview Content */,
			);
			path = "testeGif Watch App";
			sourceTree = "<group>";
		};
		30BCE5F4292EC71700014DE3 /* Preview Content */ = {
			isa = PBXGroup;
			children = (
				30BCE5F5292EC71700014DE3 /* Preview Assets.xcassets */,
			);
			path = "Preview Content";
			sourceTree = "<group>";
		};
/* End PBXGroup section */

/* Begin PBXNativeTarget section */
		30BCE5E2292EC71600014DE3 /* testeGif */ = {
			isa = PBXNativeTarget;
			buildConfigurationList = 30BCE5FD292EC71700014DE3 /* Build configuration list for PBXNativeTarget "testeGif" */;
			buildPhases = (
				30BCE5E1292EC71600014DE3 /* Resources */,
				30BCE5FC292EC71700014DE3 /* Embed Watch Content */,
			);
			buildRules = (
			);
			dependencies = (
				30BCE5EC292EC71600014DE3 /* PBXTargetDependency */,
			);
			name = testeGif;
			productName = testeGif;
			productReference = 30BCE5E3292EC71600014DE3 /* testeGif.app */;
			productType = "com.apple.product-type.application.watchapp2-container";
		};
		30BCE5E8292EC71600014DE3 /* testeGif Watch App */ = {
			isa = PBXNativeTarget;
			buildConfigurationList = 30BCE5F9292EC71700014DE3 /* Build configuration list for PBXNativeTarget "testeGif Watch App" */;
			buildPhases = (
				30BCE5E5292EC71600014DE3 /* Sources */,
				30BCE5E6292EC71600014DE3 /* Frameworks */,
				30BCE5E7292EC71600014DE3 /* Resources */,
			);
			buildRules = (
			);
			dependencies = (
			);
			name = "testeGif Watch App";
			productName = "testeGif Watch App";
			productReference = 30BCE5E9292EC71600014DE3 /* testeGif Watch App.app */;
			productType = "com.apple.product-type.application";
		};
/* End PBXNativeTarget section */

/* Begin PBXProject section */
		30BCE5DD292EC71600014DE3 /* Project object */ = {
			isa = PBXProject;
			attributes = {
				BuildIndependentTargetsInParallel = 1;
				LastSwiftUpdateCheck = 1410;
				LastUpgradeCheck = 1410;
				TargetAttributes = {
					30BCE5E2292EC71600014DE3 = {
						CreatedOnToolsVersion = 14.1;
					};
					30BCE5E8292EC71600014DE3 = {
						CreatedOnToolsVersion = 14.1;
					};
				};
			};
			buildConfigurationList = 30BCE5E0292EC71600014DE3 /* Build configuration list for PBXProject "testeGif" */;
			compatibilityVersion = "Xcode 14.0";
			developmentRegion = en;
			hasScannedForEncodings = 0;
			knownRegions = (
				en,
				Base,
			);
			mainGroup = 30BCE5DC292EC71600014DE3;
			productRefGroup = 30BCE5E4292EC71600014DE3 /* Products */;
			projectDirPath = "";
			projectRoot = "";
			targets = (
				30BCE5E2292EC71600014DE3 /* testeGif */,
				30BCE5E8292EC71600014DE3 /* testeGif Watch App */,
			);
		};
/* End PBXProject section */

/* Begin PBXResourcesBuildPhase section */
		30BCE5E1292EC71600014DE3 /* Resources */ = {
			isa = PBXResourcesBuildPhase;
			buildActionMask = 2147483647;
			files = (
			);
			runOnlyForDeploymentPostprocessing = 0;
		};
		30BCE5E7292EC71600014DE3 /* Resources */ = {
			isa = PBXResourcesBuildPhase;
			buildActionMask = 2147483647;
			files = (
				30BCE5F6292EC71700014DE3 /* Preview Assets.xcassets in Resources */,
				30BCE5F3292EC71700014DE3 /* Assets.xcassets in Resources */,
			);
			runOnlyForDeploymentPostprocessing = 0;
		};
/* End PBXResourcesBuildPhase section */

/* Begin PBXSourcesBuildPhase section */
		30BCE5E5292EC71600014DE3 /* Sources */ = {
			isa = PBXSourcesBuildPhase;
			buildActionMask = 2147483647;
			files = (
				30BCE5F1292EC71600014DE3 /* ContentView.swift in Sources */,
				30BCE5EF292EC71600014DE3 /* testeGifApp.swift in Sources */,
			);
			runOnlyForDeploymentPostprocessing = 0;
		};
/* End PBXSourcesBuildPhase section */

/* Begin PBXTargetDependency section */
		30BCE5EC292EC71600014DE3 /* PBXTargetDependency */ = {
			isa = PBXTargetDependency;
			target = 30BCE5E8292EC71600014DE3 /* testeGif Watch App */;
			targetProxy = 30BCE5EB292EC71600014DE3 /* PBXContainerItemProxy */;
		};
/* End PBXTargetDependency section */

/* Begin XCBuildConfiguration section */
		30BCE5F7292EC71700014DE3 /* Debug */ = {
			isa = XCBuildConfiguration;
			buildSettings = {
				ALWAYS_SEARCH_USER_PATHS = NO;
				CLANG_ANALYZER_NONNULL = YES;
				CLANG_ANALYZER_NUMBER_OBJECT_CONVERSION = YES_AGGRESSIVE;
				CLANG_CXX_LANGUAGE_STANDARD = "gnu++20";
				CLANG_ENABLE_MODULES = YES;
				CLANG_ENABLE_OBJC_ARC = YES;
				CLANG_ENABLE_OBJC_WEAK = YES;
				CLANG_WARN_BLOCK_CAPTURE_AUTORELEASING = YES;
				CLANG_WARN_BOOL_CONVERSION = YES;
				CLANG_WARN_COMMA = YES;
				CLANG_WARN_CONSTANT_CONVERSION = YES;
				CLANG_WARN_DEPRECATED_OBJC_IMPLEMENTATIONS = YES;
				CLANG_WARN_DIRECT_OBJC_ISA_USAGE = YES_ERROR;
				CLANG_WARN_DOCUMENTATION_COMMENTS = YES;
				CLANG_WARN_EMPTY_BODY = YES;
				CLANG_WARN_ENUM_CONVERSION = YES;
				CLANG_WARN_INFINITE_RECURSION = YES;
				CLANG_WARN_INT_CONVERSION = YES;
				CLANG_WARN_NON_LITERAL_NULL_CONVERSION = YES;
				CLANG_WARN_OBJC_IMPLICIT_RETAIN_SELF = YES;
				CLANG_WARN_OBJC_LITERAL_CONVERSION = YES;
				CLANG_WARN_OBJC_ROOT_CLASS = YES_ERROR;
				CLANG_WARN_QUOTED_INCLUDE_IN_FRAMEWORK_HEADER = YES;
				CLANG_WARN_RANGE_LOOP_ANALYSIS = YES;
				CLANG_WARN_STRICT_PROTOTYPES = YES;
				CLANG_WARN_SUSPICIOUS_MOVE = YES;
				CLANG_WARN_UNGUARDED_AVAILABILITY = YES_AGGRESSIVE;
				CLANG_WARN_UNREACHABLE_CODE = YES;
				CLANG_WARN__DUPLICATE_METHOD_MATCH = YES;
				COPY_PHASE_STRIP = NO;
				DEBUG_INFORMATION_FORMAT = dwarf;
				ENABLE_STRICT_OBJC_MSGSEND = YES;
				ENABLE_TESTABILITY = YES;
				GCC_C_LANGUAGE_STANDARD = gnu11;
				GCC_DYNAMIC_NO_PIC = NO;
				GCC_NO_COMMON_BLOCKS = YES;
				GCC_OPTIMIZATION_LEVEL = 0;
				GCC_PREPROCESSOR_DEFINITIONS = (
					"DEBUG=1",
					"$(inherited)",
				);
				GCC_WARN_64_TO_32_BIT_CONVERSION = YES;
				GCC_WARN_ABOUT_RETURN_TYPE = YES_ERROR;
				GCC_WARN_UNDECLARED_SELECTOR = YES;
				GCC_WARN_UNINITIALIZED_AUTOS = YES_AGGRESSIVE;
				GCC_WARN_UNUSED_FUNCTION = YES;
				GCC_WARN_UNUSED_VARIABLE = YES;
				MTL_ENABLE_DEBUG_INFO = INCLUDE_SOURCE;
				MTL_FAST_MATH = YES;
				ONLY_ACTIVE_ARCH = YES;
				SWIFT_ACTIVE_COMPILATION_CONDITIONS = DEBUG;
				SWIFT_OPTIMIZATION_LEVEL = "-Onone";
			};
			name = Debug;
		};
		30BCE5F8292EC71700014DE3 /* Release */ = {
			isa = XCBuildConfiguration;
			buildSettings = {
				ALWAYS_SEARCH_USER_PATHS = NO;
				CLANG_ANALYZER_NONNULL = YES;
				CLANG_ANALYZER_NUMBER_OBJECT_CONVERSION = YES_AGGRESSIVE;
				CLANG_CXX_LANGUAGE_STANDARD = "gnu++20";
				CLANG_ENABLE_MODULES = YES;
				CLANG_ENABLE_OBJC_ARC = YES;
				CLANG_ENABLE_OBJC_WEAK = YES;
				CLANG_WARN_BLOCK_CAPTURE_AUTORELEASING = YES;
				CLANG_WARN_BOOL_CONVERSION = YES;
				CLANG_WARN_COMMA = YES;
				CLANG_WARN_CONSTANT_CONVERSION = YES;
				CLANG_WARN_DEPRECATED_OBJC_IMPLEMENTATIONS = YES;
				CLANG_WARN_DIRECT_OBJC_ISA_USAGE = YES_ERROR;
				CLANG_WARN_DOCUMENTATION_COMMENTS = YES;
				CLANG_WARN_EMPTY_BODY = YES;
				CLANG_WARN_ENUM_CONVERSION = YES;
				CLANG_WARN_INFINITE_RECURSION = YES;
				CLANG_WARN_INT_CONVERSION = YES;
				CLANG_WARN_NON_LITERAL_NULL_CONVERSION = YES;
				CLANG_WARN_OBJC_IMPLICIT_RETAIN_SELF = YES;
				CLANG_WARN_OBJC_LITERAL_CONVERSION = YES;
				CLANG_WARN_OBJC_ROOT_CLASS = YES_ERROR;
				CLANG_WARN_QUOTED_INCLUDE_IN_FRAMEWORK_HEADER = YES;
				CLANG_WARN_RANGE_LOOP_ANALYSIS = YES;
				CLANG_WARN_STRICT_PROTOTYPES = YES;
				CLANG_WARN_SUSPICIOUS_MOVE = YES;
				CLANG_WARN_UNGUARDED_AVAILABILITY = YES_AGGRESSIVE;
				CLANG_WARN_UNREACHABLE_CODE = YES;
				CLANG_WARN__DUPLICATE_METHOD_MATCH = YES;
				COPY_PHASE_STRIP = NO;
				DEBUG_INFORMATION_FORMAT = "dwarf-with-dsym";
				ENABLE_NS_ASSERTIONS = NO;
				ENABLE_STRICT_OBJC_MSGSEND = YES;
				GCC_C_LANGUAGE_STANDARD = gnu11;
				GCC_NO_COMMON_BLOCKS = YES;
				GCC_WARN_64_TO_32_BIT_CONVERSION = YES;
				GCC_WARN_ABOUT_RETURN_TYPE = YES_ERROR;
				GCC_WARN_UNDECLARED_SELECTOR = YES;
				GCC_WARN_UNINITIALIZED_AUTOS = YES_AGGRESSIVE;
				GCC_WARN_UNUSED_FUNCTION = YES;
				GCC_WARN_UNUSED_VARIABLE = YES;
				MTL_ENABLE_DEBUG_INFO = NO;
				MTL_FAST_MATH = YES;
				SWIFT_COMPILATION_MODE = wholemodule;
				SWIFT_OPTIMIZATION_LEVEL = "-O";
			};
			name = Release;
		};
		30BCE5FA292EC71700014DE3 /* Debug */ = {
			isa = XCBuildConfiguration;
			buildSettings = {
				ASSETCATALOG_COMPILER_APPICON_NAME = AppIcon;
				ASSETCATALOG_COMPILER_GLOBAL_ACCENT_COLOR_NAME = AccentColor;
				CODE_SIGN_STYLE = Automatic;
				CURRENT_PROJECT_VERSION = 1;
				DEVELOPMENT_ASSET_PATHS = "\"testeGif Watch App/Preview Content\"";
				DEVELOPMENT_TEAM = W6U37W8KCJ;
				ENABLE_PREVIEWS = YES;
				GENERATE_INFOPLIST_FILE = YES;
				INFOPLIST_KEY_CFBundleDisplayName = testeGif;
				INFOPLIST_KEY_UISupportedInterfaceOrientations = "UIInterfaceOrientationPortrait UIInterfaceOrientationPortraitUpsideDown";
				INFOPLIST_KEY_WKWatchOnly = YES;
				LD_RUNPATH_SEARCH_PATHS = (
					"$(inherited)",
					"@executable_path/Frameworks",
				);
				MARKETING_VERSION = 1.0;
				PRODUCT_BUNDLE_IDENTIFIER = br.ufpe.cin.academy.testeGif.watchkitapp;
				PRODUCT_NAME = "$(TARGET_NAME)";
				SDKROOT = watchos;
				SKIP_INSTALL = YES;
				SWIFT_EMIT_LOC_STRINGS = YES;
				SWIFT_VERSION = 5.0;
				TARGETED_DEVICE_FAMILY = 4;
				WATCHOS_DEPLOYMENT_TARGET = 9.1;
			};
			name = Debug;
		};
		30BCE5FB292EC71700014DE3 /* Release */ = {
			isa = XCBuildConfiguration;
			buildSettings = {
				ASSETCATALOG_COMPILER_APPICON_NAME = AppIcon;
				ASSETCATALOG_COMPILER_GLOBAL_ACCENT_COLOR_NAME = AccentColor;
				CODE_SIGN_STYLE = Automatic;
				CURRENT_PROJECT_VERSION = 1;
				DEVELOPMENT_ASSET_PATHS = "\"testeGif Watch App/Preview Content\"";
				DEVELOPMENT_TEAM = W6U37W8KCJ;
				ENABLE_PREVIEWS = YES;
				GENERATE_INFOPLIST_FILE = YES;
				INFOPLIST_KEY_CFBundleDisplayName = testeGif;
				INFOPLIST_KEY_UISupportedInterfaceOrientations = "UIInterfaceOrientationPortrait UIInterfaceOrientationPortraitUpsideDown";
				INFOPLIST_KEY_WKWatchOnly = YES;
				LD_RUNPATH_SEARCH_PATHS = (
					"$(inherited)",
					"@executable_path/Frameworks",
				);
				MARKETING_VERSION = 1.0;
				PRODUCT_BUNDLE_IDENTIFIER = br.ufpe.cin.academy.testeGif.watchkitapp;
				PRODUCT_NAME = "$(TARGET_NAME)";
				SDKROOT = watchos;
				SKIP_INSTALL = YES;
				SWIFT_EMIT_LOC_STRINGS = YES;
				SWIFT_VERSION = 5.0;
				TARGETED_DEVICE_FAMILY = 4;
				VALIDATE_PRODUCT = YES;
				WATCHOS_DEPLOYMENT_TARGET = 9.1;
			};
			name = Release;
		};
		30BCE5FE292EC71700014DE3 /* Debug */ = {
			isa = XCBuildConfiguration;
			buildSettings = {
				ALWAYS_EMBED_SWIFT_STANDARD_LIBRARIES = YES;
				CODE_SIGN_STYLE = Automatic;
				CURRENT_PROJECT_VERSION = 1;
				DEVELOPMENT_TEAM = W6U37W8KCJ;
				INFOPLIST_KEY_CFBundleDisplayName = testeGif;
				MARKETING_VERSION = 1.0;
				PRODUCT_BUNDLE_IDENTIFIER = br.ufpe.cin.academy.testeGif;
				PRODUCT_NAME = "$(TARGET_NAME)";
				SDKROOT = iphoneos;
				SWIFT_VERSION = 5.0;
			};
			name = Debug;
		};
		30BCE5FF292EC71700014DE3 /* Release */ = {
			isa = XCBuildConfiguration;
			buildSettings = {
				ALWAYS_EMBED_SWIFT_STANDARD_LIBRARIES = YES;
				CODE_SIGN_STYLE = Automatic;
				CURRENT_PROJECT_VERSION = 1;
				DEVELOPMENT_TEAM = W6U37W8KCJ;
				INFOPLIST_KEY_CFBundleDisplayName = testeGif;
				MARKETING_VERSION = 1.0;
				PRODUCT_BUNDLE_IDENTIFIER = br.ufpe.cin.academy.testeGif;
				PRODUCT_NAME = "$(TARGET_NAME)";
				SDKROOT = iphoneos;
				SWIFT_VERSION = 5.0;
				VALIDATE_PRODUCT = YES;
			};
			name = Release;
		};
/* End XCBuildConfiguration section */

/* Begin XCConfigurationList section */
		30BCE5E0292EC71600014DE3 /* Build configuration list for PBXProject "testeGif" */ = {
			isa = XCConfigurationList;
			buildConfigurations = (
				30BCE5F7292EC71700014DE3 /* Debug */,
				30BCE5F8292EC71700014DE3 /* Release */,
			);
			defaultConfigurationIsVisible = 0;
			defaultConfigurationName = Release;
		};
		30BCE5F9292EC71700014DE3 /* Build configuration list for PBXNativeTarget "testeGif Watch App" */ = {
			isa = XCConfigurationList;
			buildConfigurations = (
				30BCE5FA292EC71700014DE3 /* Debug */,
				30BCE5FB292EC71700014DE3 /* Release */,
			);
			defaultConfigurationIsVisible = 0;
			defaultConfigurationName = Release;
		};
		30BCE5FD292EC71700014DE3 /* Build configuration list for PBXNativeTarget "testeGif" */ = {
			isa = XCConfigurationList;
			buildConfigurations = (
				30BCE5FE292EC71700014DE3 /* Debug */,
				30BCE5FF292EC71700014DE3 /* Release */,
			);
			defaultConfigurationIsVisible = 0;
			defaultConfigurationName = Release;
		};
/* End XCConfigurationList section */
	};
	rootObject = 30BCE5DD292EC71600014DE3 /* Project object */;
}
